
Microsoft Visual Studio Solution File, Format Version 12.00
# Visual Studio Version 17
Project("{2150E333-8FDC-42A3-9474-1A3956D46DE8}") = "CMakePredefinedTargets", "CMakePredefinedTargets", "{9E8640C7-A3EA-3AA0-B1C9-06F8170637F9}"
EndProject
Project("{2150E333-8FDC-42A3-9474-1A3956D46DE8}") = "Libraries", "Libraries", "{39E732F2-03A9-32C9-93FD-41A9392DAB22}"
EndProject
Project("{2150E333-8FDC-42A3-9474-1A3956D46DE8}") = "Third Party Libraries", "Third Party Libraries", "{83690641-C38D-3FAC-B554-AD19B091FE85}"
EndProject
Project("{2150E333-8FDC-42A3-9474-1A3956D46DE8}") = "Utilities", "Utilities", "{0D05EB41-CE40-33F0-ADD6-973B98654C09}"
EndProject
Project("{8BC9CEB8-8B4A-11D0-8D11-00A0C91BC942}") = "ALL_BUILD", "ALL_BUILD.vcxproj", "{C8F0989D-9723-3677-B1D3-AF302726AB89}"
	ProjectSection(ProjectDependencies) = postProject
		{4E904A51-8CDA-313D-8B5F-47C64D152E11} = {4E904A51-8CDA-313D-8B5F-47C64D152E11}
		{01E0FC4E-E455-3B60-A6C8-097A57646D1E} = {01E0FC4E-E455-3B60-A6C8-097A57646D1E}
		{47DD3F0A-BCA8-3D9F-8143-AC1A8C7A9044} = {47DD3F0A-BCA8-3D9F-8143-AC1A8C7A9044}
		{954825B8-0ED4-309A-A27D-676413D5976E} = {954825B8-0ED4-309A-A27D-676413D5976E}
		{B4F9473E-635E-33ED-B24D-1D1827A5A6F6} = {B4F9473E-635E-33ED-B24D-1D1827A5A6F6}
		{D21B2857-8A6E-3C8A-ACB3-39E5D42B4267} = {D21B2857-8A6E-3C8A-ACB3-39E5D42B4267}
		{8232A831-BE23-3E34-B532-CAFBD9742ABA} = {8232A831-BE23-3E34-B532-CAFBD9742ABA}
		{7157561B-CCEB-385A-AA80-E27D049AD36C} = {7157561B-CCEB-385A-AA80-E27D049AD36C}
		{487A18D2-8CDA-3168-97E3-9457F84C3012} = {487A18D2-8CDA-3168-97E3-9457F84C3012}
		{EBA707D2-603E-39F9-AEC7-A163420C0137} = {EBA707D2-603E-39F9-AEC7-A163420C0137}
		{A7002FD6-3B16-37F2-BB6D-B172315B226A} = {A7002FD6-3B16-37F2-BB6D-B172315B226A}
		{203536F4-1D8B-36C7-A46A-9E0A224AE452} = {203536F4-1D8B-36C7-A46A-9E0A224AE452}
		{387F39B6-57A3-3FD0-B8EB-B14942E2F5B2} = {387F39B6-57A3-3FD0-B8EB-B14942E2F5B2}
		{1B8EB4DE-6B7C-3A03-AA5F-0F4961A58A07} = {1B8EB4DE-6B7C-3A03-AA5F-0F4961A58A07}
		{436FBD58-50CD-3EB4-83B0-3CBBDD30EA54} = {436FBD58-50CD-3EB4-83B0-3CBBDD30EA54}
		{C33DA04E-288B-3437-8DA8-D39AD2C8ACC2} = {C33DA04E-288B-3437-8DA8-D39AD2C8ACC2}
		{84A7F888-ED1C-3728-BE3B-546876F1B360} = {84A7F888-ED1C-3728-BE3B-546876F1B360}
		{BB403EB4-A678-34C4-88AB-41DA1F94EE57} = {BB403EB4-A678-34C4-88AB-41DA1F94EE57}
		{A119F756-C244-3456-9F56-342436D16905} = {A119F756-C244-3456-9F56-342436D16905}
		{49373B32-8A75-33FC-AAF9-F3BC745FBC25} = {49373B32-8A75-33FC-AAF9-F3BC745FBC25}
		{86F416E0-7E26-3CB5-AA3B-38A3050D6405} = {86F416E0-7E26-3CB5-AA3B-38A3050D6405}
		{773F66F9-6509-37C9-8902-D929AA0C7DDA} = {773F66F9-6509-37C9-8902-D929AA0C7DDA}
		{9B7FB719-A697-35C3-9832-8EAB93A4FC57} = {9B7FB719-A697-35C3-9832-8EAB93A4FC57}
		{3DB8C042-F136-3A2C-81CB-25A28E90723F} = {3DB8C042-F136-3A2C-81CB-25A28E90723F}
		{B8DCF2C4-F1F9-3D0B-8177-4BC133EEB214} = {B8DCF2C4-F1F9-3D0B-8177-4BC133EEB214}
	EndProjectSection
EndProject
Project("{8BC9CEB8-8B4A-11D0-8D11-00A0C91BC942}") = "INSTALL", "INSTALL.vcxproj", "{0FDA3872-EF68-3A25-9A14-153EC37D78F0}"
	ProjectSection(ProjectDependencies) = postProject
		{C8F0989D-9723-3677-B1D3-AF302726AB89} = {C8F0989D-9723-3677-B1D3-AF302726AB89}
		{4E904A51-8CDA-313D-8B5F-47C64D152E11} = {4E904A51-8CDA-313D-8B5F-47C64D152E11}
	EndProjectSection
EndProject
Project("{8BC9CEB8-8B4A-11D0-8D11-00A0C91BC942}") = "UNINSTALL", "UNINSTALL.vcxproj", "{C362C801-483D-3CE9-ACF6-1EC96612B8A5}"
	ProjectSection(ProjectDependencies) = postProject
		{4E904A51-8CDA-313D-8B5F-47C64D152E11} = {4E904A51-8CDA-313D-8B5F-47C64D152E11}
	EndProjectSection
EndProject
Project("{8BC9CEB8-8B4A-11D0-8D11-00A0C91BC942}") = "ZERO_CHECK", "ZERO_CHECK.vcxproj", "{4E904A51-8CDA-313D-8B5F-47C64D152E11}"
	ProjectSection(ProjectDependencies) = postProject
	EndProjectSection
EndProject
Project("{8BC9CEB8-8B4A-11D0-8D11-00A0C91BC942}") = "wxadv", "libs\adv\wxadv.vcxproj", "{01E0FC4E-E455-3B60-A6C8-097A57646D1E}"
	ProjectSection(ProjectDependencies) = postProject
		{4E904A51-8CDA-313D-8B5F-47C64D152E11} = {4E904A51-8CDA-313D-8B5F-47C64D152E11}
		{954825B8-0ED4-309A-A27D-676413D5976E} = {954825B8-0ED4-309A-A27D-676413D5976E}
		{B4F9473E-635E-33ED-B24D-1D1827A5A6F6} = {B4F9473E-635E-33ED-B24D-1D1827A5A6F6}
	EndProjectSection
EndProject
Project("{8BC9CEB8-8B4A-11D0-8D11-00A0C91BC942}") = "wxaui", "libs\aui\wxaui.vcxproj", "{47DD3F0A-BCA8-3D9F-8143-AC1A8C7A9044}"
	ProjectSection(ProjectDependencies) = postProject
		{4E904A51-8CDA-313D-8B5F-47C64D152E11} = {4E904A51-8CDA-313D-8B5F-47C64D152E11}
		{954825B8-0ED4-309A-A27D-676413D5976E} = {954825B8-0ED4-309A-A27D-676413D5976E}
		{B4F9473E-635E-33ED-B24D-1D1827A5A6F6} = {B4F9473E-635E-33ED-B24D-1D1827A5A6F6}
	EndProjectSection
EndProject
Project("{8BC9CEB8-8B4A-11D0-8D11-00A0C91BC942}") = "wxbase", "libs\base\wxbase.vcxproj", "{954825B8-0ED4-309A-A27D-676413D5976E}"
	ProjectSection(ProjectDependencies) = postProject
		{4E904A51-8CDA-313D-8B5F-47C64D152E11} = {4E904A51-8CDA-313D-8B5F-47C64D152E11}
		{C33DA04E-288B-3437-8DA8-D39AD2C8ACC2} = {C33DA04E-288B-3437-8DA8-D39AD2C8ACC2}
		{B8DCF2C4-F1F9-3D0B-8177-4BC133EEB214} = {B8DCF2C4-F1F9-3D0B-8177-4BC133EEB214}
	EndProjectSection
EndProject
Project("{8BC9CEB8-8B4A-11D0-8D11-00A0C91BC942}") = "wxcore", "libs\core\wxcore.vcxproj", "{B4F9473E-635E-33ED-B24D-1D1827A5A6F6}"
	ProjectSection(ProjectDependencies) = postProject
		{4E904A51-8CDA-313D-8B5F-47C64D152E11} = {4E904A51-8CDA-313D-8B5F-47C64D152E11}
		{954825B8-0ED4-309A-A27D-676413D5976E} = {954825B8-0ED4-309A-A27D-676413D5976E}
		{487A18D2-8CDA-3168-97E3-9457F84C3012} = {487A18D2-8CDA-3168-97E3-9457F84C3012}
		{203536F4-1D8B-36C7-A46A-9E0A224AE452} = {203536F4-1D8B-36C7-A46A-9E0A224AE452}
		{86F416E0-7E26-3CB5-AA3B-38A3050D6405} = {86F416E0-7E26-3CB5-AA3B-38A3050D6405}
		{B8DCF2C4-F1F9-3D0B-8177-4BC133EEB214} = {B8DCF2C4-F1F9-3D0B-8177-4BC133EEB214}
	EndProjectSection
EndProject
Project("{8BC9CEB8-8B4A-11D0-8D11-00A0C91BC942}") = "wxexpat", "libs\wxexpat.vcxproj", "{D21B2857-8A6E-3C8A-ACB3-39E5D42B4267}"
	ProjectSection(ProjectDependencies) = postProject
		{4E904A51-8CDA-313D-8B5F-47C64D152E11} = {4E904A51-8CDA-313D-8B5F-47C64D152E11}
	EndProjectSection
EndProject
Project("{8BC9CEB8-8B4A-11D0-8D11-00A0C91BC942}") = "wxgl", "libs\gl\wxgl.vcxproj", "{8232A831-BE23-3E34-B532-CAFBD9742ABA}"
	ProjectSection(ProjectDependencies) = postProject
		{4E904A51-8CDA-313D-8B5F-47C64D152E11} = {4E904A51-8CDA-313D-8B5F-47C64D152E11}
		{954825B8-0ED4-309A-A27D-676413D5976E} = {954825B8-0ED4-309A-A27D-676413D5976E}
		{B4F9473E-635E-33ED-B24D-1D1827A5A6F6} = {B4F9473E-635E-33ED-B24D-1D1827A5A6F6}
	EndProjectSection
EndProject
Project("{8BC9CEB8-8B4A-11D0-8D11-00A0C91BC942}") = "wxhtml", "libs\html\wxhtml.vcxproj", "{7157561B-CCEB-385A-AA80-E27D049AD36C}"
	ProjectSection(ProjectDependencies) = postProject
		{4E904A51-8CDA-313D-8B5F-47C64D152E11} = {4E904A51-8CDA-313D-8B5F-47C64D152E11}
		{954825B8-0ED4-309A-A27D-676413D5976E} = {954825B8-0ED4-309A-A27D-676413D5976E}
		{B4F9473E-635E-33ED-B24D-1D1827A5A6F6} = {B4F9473E-635E-33ED-B24D-1D1827A5A6F6}
	EndProjectSection
EndProject
Project("{8BC9CEB8-8B4A-11D0-8D11-00A0C91BC942}") = "wxjpeg", "libs\wxjpeg.vcxproj", "{487A18D2-8CDA-3168-97E3-9457F84C3012}"
	ProjectSection(ProjectDependencies) = postProject
		{4E904A51-8CDA-313D-8B5F-47C64D152E11} = {4E904A51-8CDA-313D-8B5F-47C64D152E11}
	EndProjectSection
EndProject
Project("{8BC9CEB8-8B4A-11D0-8D11-00A0C91BC942}") = "wxmedia", "libs\media\wxmedia.vcxproj", "{EBA707D2-603E-39F9-AEC7-A163420C0137}"
	ProjectSection(ProjectDependencies) = postProject
		{4E904A51-8CDA-313D-8B5F-47C64D152E11} = {4E904A51-8CDA-313D-8B5F-47C64D152E11}
		{954825B8-0ED4-309A-A27D-676413D5976E} = {954825B8-0ED4-309A-A27D-676413D5976E}
		{B4F9473E-635E-33ED-B24D-1D1827A5A6F6} = {B4F9473E-635E-33ED-B24D-1D1827A5A6F6}
	EndProjectSection
EndProject
Project("{8BC9CEB8-8B4A-11D0-8D11-00A0C91BC942}") = "wxnet", "libs\net\wxnet.vcxproj", "{A7002FD6-3B16-37F2-BB6D-B172315B226A}"
	ProjectSection(ProjectDependencies) = postProject
		{4E904A51-8CDA-313D-8B5F-47C64D152E11} = {4E904A51-8CDA-313D-8B5F-47C64D152E11}
		{954825B8-0ED4-309A-A27D-676413D5976E} = {954825B8-0ED4-309A-A27D-676413D5976E}
	EndProjectSection
EndProject
Project("{8BC9CEB8-8B4A-11D0-8D11-00A0C91BC942}") = "wxpng", "libs\wxpng.vcxproj", "{203536F4-1D8B-36C7-A46A-9E0A224AE452}"
	ProjectSection(ProjectDependencies) = postProject
		{4E904A51-8CDA-313D-8B5F-47C64D152E11} = {4E904A51-8CDA-313D-8B5F-47C64D152E11}
		{B8DCF2C4-F1F9-3D0B-8177-4BC133EEB214} = {B8DCF2C4-F1F9-3D0B-8177-4BC133EEB214}
	EndProjectSection
EndProject
Project("{8BC9CEB8-8B4A-11D0-8D11-00A0C91BC942}") = "wxpropgrid", "libs\propgrid\wxpropgrid.vcxproj", "{387F39B6-57A3-3FD0-B8EB-B14942E2F5B2}"
	ProjectSection(ProjectDependencies) = postProject
		{4E904A51-8CDA-313D-8B5F-47C64D152E11} = {4E904A51-8CDA-313D-8B5F-47C64D152E11}
		{954825B8-0ED4-309A-A27D-676413D5976E} = {954825B8-0ED4-309A-A27D-676413D5976E}
		{B4F9473E-635E-33ED-B24D-1D1827A5A6F6} = {B4F9473E-635E-33ED-B24D-1D1827A5A6F6}
	EndProjectSection
EndProject
Project("{8BC9CEB8-8B4A-11D0-8D11-00A0C91BC942}") = "wxqa", "libs\qa\wxqa.vcxproj", "{1B8EB4DE-6B7C-3A03-AA5F-0F4961A58A07}"
	ProjectSection(ProjectDependencies) = postProject
		{4E904A51-8CDA-313D-8B5F-47C64D152E11} = {4E904A51-8CDA-313D-8B5F-47C64D152E11}
		{954825B8-0ED4-309A-A27D-676413D5976E} = {954825B8-0ED4-309A-A27D-676413D5976E}
		{B4F9473E-635E-33ED-B24D-1D1827A5A6F6} = {B4F9473E-635E-33ED-B24D-1D1827A5A6F6}
		{9B7FB719-A697-35C3-9832-8EAB93A4FC57} = {9B7FB719-A697-35C3-9832-8EAB93A4FC57}
	EndProjectSection
EndProject
Project("{8BC9CEB8-8B4A-11D0-8D11-00A0C91BC942}") = "wxrc", "utils\wxrc.vcxproj", "{436FBD58-50CD-3EB4-83B0-3CBBDD30EA54}"
	ProjectSection(ProjectDependencies) = postProject
		{4E904A51-8CDA-313D-8B5F-47C64D152E11} = {4E904A51-8CDA-313D-8B5F-47C64D152E11}
		{954825B8-0ED4-309A-A27D-676413D5976E} = {954825B8-0ED4-309A-A27D-676413D5976E}
		{9B7FB719-A697-35C3-9832-8EAB93A4FC57} = {9B7FB719-A697-35C3-9832-8EAB93A4FC57}
	EndProjectSection
EndProject
Project("{8BC9CEB8-8B4A-11D0-8D11-00A0C91BC942}") = "wxregex", "libs\wxregex.vcxproj", "{C33DA04E-288B-3437-8DA8-D39AD2C8ACC2}"
	ProjectSection(ProjectDependencies) = postProject
		{4E904A51-8CDA-313D-8B5F-47C64D152E11} = {4E904A51-8CDA-313D-8B5F-47C64D152E11}
	EndProjectSection
EndProject
Project("{8BC9CEB8-8B4A-11D0-8D11-00A0C91BC942}") = "wxribbon", "libs\ribbon\wxribbon.vcxproj", "{84A7F888-ED1C-3728-BE3B-546876F1B360}"
	ProjectSection(ProjectDependencies) = postProject
		{4E904A51-8CDA-313D-8B5F-47C64D152E11} = {4E904A51-8CDA-313D-8B5F-47C64D152E11}
		{954825B8-0ED4-309A-A27D-676413D5976E} = {954825B8-0ED4-309A-A27D-676413D5976E}
		{B4F9473E-635E-33ED-B24D-1D1827A5A6F6} = {B4F9473E-635E-33ED-B24D-1D1827A5A6F6}
	EndProjectSection
EndProject
Project("{8BC9CEB8-8B4A-11D0-8D11-00A0C91BC942}") = "wxrichtext", "libs\richtext\wxrichtext.vcxproj", "{BB403EB4-A678-34C4-88AB-41DA1F94EE57}"
	ProjectSection(ProjectDependencies) = postProject
		{4E904A51-8CDA-313D-8B5F-47C64D152E11} = {4E904A51-8CDA-313D-8B5F-47C64D152E11}
		{954825B8-0ED4-309A-A27D-676413D5976E} = {954825B8-0ED4-309A-A27D-676413D5976E}
		{B4F9473E-635E-33ED-B24D-1D1827A5A6F6} = {B4F9473E-635E-33ED-B24D-1D1827A5A6F6}
		{7157561B-CCEB-385A-AA80-E27D049AD36C} = {7157561B-CCEB-385A-AA80-E27D049AD36C}
		{9B7FB719-A697-35C3-9832-8EAB93A4FC57} = {9B7FB719-A697-35C3-9832-8EAB93A4FC57}
	EndProjectSection
EndProject
Project("{8BC9CEB8-8B4A-11D0-8D11-00A0C91BC942}") = "wxscintilla", "libs\stc\wxscintilla.vcxproj", "{A119F756-C244-3456-9F56-342436D16905}"
	ProjectSection(ProjectDependencies) = postProject
		{4E904A51-8CDA-313D-8B5F-47C64D152E11} = {4E904A51-8CDA-313D-8B5F-47C64D152E11}
	EndProjectSection
EndProject
Project("{8BC9CEB8-8B4A-11D0-8D11-00A0C91BC942}") = "wxstc", "libs\stc\wxstc.vcxproj", "{49373B32-8A75-33FC-AAF9-F3BC745FBC25}"
	ProjectSection(ProjectDependencies) = postProject
		{4E904A51-8CDA-313D-8B5F-47C64D152E11} = {4E904A51-8CDA-313D-8B5F-47C64D152E11}
		{954825B8-0ED4-309A-A27D-676413D5976E} = {954825B8-0ED4-309A-A27D-676413D5976E}
		{B4F9473E-635E-33ED-B24D-1D1827A5A6F6} = {B4F9473E-635E-33ED-B24D-1D1827A5A6F6}
		{A119F756-C244-3456-9F56-342436D16905} = {A119F756-C244-3456-9F56-342436D16905}
	EndProjectSection
EndProject
Project("{8BC9CEB8-8B4A-11D0-8D11-00A0C91BC942}") = "wxtiff", "libs\wxtiff.vcxproj", "{86F416E0-7E26-3CB5-AA3B-38A3050D6405}"
	ProjectSection(ProjectDependencies) = postProject
		{4E904A51-8CDA-313D-8B5F-47C64D152E11} = {4E904A51-8CDA-313D-8B5F-47C64D152E11}
		{487A18D2-8CDA-3168-97E3-9457F84C3012} = {487A18D2-8CDA-3168-97E3-9457F84C3012}
		{B8DCF2C4-F1F9-3D0B-8177-4BC133EEB214} = {B8DCF2C4-F1F9-3D0B-8177-4BC133EEB214}
	EndProjectSection
EndProject
Project("{8BC9CEB8-8B4A-11D0-8D11-00A0C91BC942}") = "wxwebview", "libs\webview\wxwebview.vcxproj", "{773F66F9-6509-37C9-8902-D929AA0C7DDA}"
	ProjectSection(ProjectDependencies) = postProject
		{4E904A51-8CDA-313D-8B5F-47C64D152E11} = {4E904A51-8CDA-313D-8B5F-47C64D152E11}
		{954825B8-0ED4-309A-A27D-676413D5976E} = {954825B8-0ED4-309A-A27D-676413D5976E}
		{B4F9473E-635E-33ED-B24D-1D1827A5A6F6} = {B4F9473E-635E-33ED-B24D-1D1827A5A6F6}
	EndProjectSection
EndProject
Project("{8BC9CEB8-8B4A-11D0-8D11-00A0C91BC942}") = "wxxml", "libs\xml\wxxml.vcxproj", "{9B7FB719-A697-35C3-9832-8EAB93A4FC57}"
	ProjectSection(ProjectDependencies) = postProject
		{4E904A51-8CDA-313D-8B5F-47C64D152E11} = {4E904A51-8CDA-313D-8B5F-47C64D152E11}
		{954825B8-0ED4-309A-A27D-676413D5976E} = {954825B8-0ED4-309A-A27D-676413D5976E}
		{D21B2857-8A6E-3C8A-ACB3-39E5D42B4267} = {D21B2857-8A6E-3C8A-ACB3-39E5D42B4267}
	EndProjectSection
EndProject
Project("{8BC9CEB8-8B4A-11D0-8D11-00A0C91BC942}") = "wxxrc", "libs\xrc\wxxrc.vcxproj", "{3DB8C042-F136-3A2C-81CB-25A28E90723F}"
	ProjectSection(ProjectDependencies) = postProject
		{4E904A51-8CDA-313D-8B5F-47C64D152E11} = {4E904A51-8CDA-313D-8B5F-47C64D152E11}
		{954825B8-0ED4-309A-A27D-676413D5976E} = {954825B8-0ED4-309A-A27D-676413D5976E}
		{B4F9473E-635E-33ED-B24D-1D1827A5A6F6} = {B4F9473E-635E-33ED-B24D-1D1827A5A6F6}
		{7157561B-CCEB-385A-AA80-E27D049AD36C} = {7157561B-CCEB-385A-AA80-E27D049AD36C}
		{9B7FB719-A697-35C3-9832-8EAB93A4FC57} = {9B7FB719-A697-35C3-9832-8EAB93A4FC57}
	EndProjectSection
EndProject
Project("{8BC9CEB8-8B4A-11D0-8D11-00A0C91BC942}") = "wxzlib", "libs\wxzlib.vcxproj", "{B8DCF2C4-F1F9-3D0B-8177-4BC133EEB214}"
	ProjectSection(ProjectDependencies) = postProject
		{4E904A51-8CDA-313D-8B5F-47C64D152E11} = {4E904A51-8CDA-313D-8B5F-47C64D152E11}
	EndProjectSection
EndProject
Global
	GlobalSection(SolutionConfigurationPlatforms) = preSolution
		Debug|x64 = Debug|x64
		Release|x64 = Release|x64
	EndGlobalSection
	GlobalSection(ProjectConfigurationPlatforms) = postSolution
		{C8F0989D-9723-3677-B1D3-AF302726AB89}.Debug|x64.ActiveCfg = Debug|x64
		{C8F0989D-9723-3677-B1D3-AF302726AB89}.Debug|x64.Build.0 = Debug|x64
		{C8F0989D-9723-3677-B1D3-AF302726AB89}.Release|x64.ActiveCfg = Release|x64
		{C8F0989D-9723-3677-B1D3-AF302726AB89}.Release|x64.Build.0 = Release|x64
		{0FDA3872-EF68-3A25-9A14-153EC37D78F0}.Debug|x64.ActiveCfg = Debug|x64
		{0FDA3872-EF68-3A25-9A14-153EC37D78F0}.Release|x64.ActiveCfg = Release|x64
		{C362C801-483D-3CE9-ACF6-1EC96612B8A5}.Debug|x64.ActiveCfg = Debug|x64
		{C362C801-483D-3CE9-ACF6-1EC96612B8A5}.Release|x64.ActiveCfg = Release|x64
		{4E904A51-8CDA-313D-8B5F-47C64D152E11}.Debug|x64.ActiveCfg = Debug|x64
		{4E904A51-8CDA-313D-8B5F-47C64D152E11}.Debug|x64.Build.0 = Debug|x64
		{4E904A51-8CDA-313D-8B5F-47C64D152E11}.Release|x64.ActiveCfg = Release|x64
		{4E904A51-8CDA-313D-8B5F-47C64D152E11}.Release|x64.Build.0 = Release|x64
		{01E0FC4E-E455-3B60-A6C8-097A57646D1E}.Debug|x64.ActiveCfg = Debug|x64
		{01E0FC4E-E455-3B60-A6C8-097A57646D1E}.Debug|x64.Build.0 = Debug|x64
		{01E0FC4E-E455-3B60-A6C8-097A57646D1E}.Release|x64.ActiveCfg = Release|x64
		{01E0FC4E-E455-3B60-A6C8-097A57646D1E}.Release|x64.Build.0 = Release|x64
		{47DD3F0A-BCA8-3D9F-8143-AC1A8C7A9044}.Debug|x64.ActiveCfg = Debug|x64
		{47DD3F0A-BCA8-3D9F-8143-AC1A8C7A9044}.Debug|x64.Build.0 = Debug|x64
		{47DD3F0A-BCA8-3D9F-8143-AC1A8C7A9044}.Release|x64.ActiveCfg = Release|x64
		{47DD3F0A-BCA8-3D9F-8143-AC1A8C7A9044}.Release|x64.Build.0 = Release|x64
		{954825B8-0ED4-309A-A27D-676413D5976E}.Debug|x64.ActiveCfg = Debug|x64
		{954825B8-0ED4-309A-A27D-676413D5976E}.Debug|x64.Build.0 = Debug|x64
		{954825B8-0ED4-309A-A27D-676413D5976E}.Release|x64.ActiveCfg = Release|x64
		{954825B8-0ED4-309A-A27D-676413D5976E}.Release|x64.Build.0 = Release|x64
		{B4F9473E-635E-33ED-B24D-1D1827A5A6F6}.Debug|x64.ActiveCfg = Debug|x64
		{B4F9473E-635E-33ED-B24D-1D1827A5A6F6}.Debug|x64.Build.0 = Debug|x64
		{B4F9473E-635E-33ED-B24D-1D1827A5A6F6}.Release|x64.ActiveCfg = Release|x64
		{B4F9473E-635E-33ED-B24D-1D1827A5A6F6}.Release|x64.Build.0 = Release|x64
		{D21B2857-8A6E-3C8A-ACB3-39E5D42B4267}.Debug|x64.ActiveCfg = Debug|x64
		{D21B2857-8A6E-3C8A-ACB3-39E5D42B4267}.Debug|x64.Build.0 = Debug|x64
		{D21B2857-8A6E-3C8A-ACB3-39E5D42B4267}.Release|x64.ActiveCfg = Release|x64
		{D21B2857-8A6E-3C8A-ACB3-39E5D42B4267}.Release|x64.Build.0 = Release|x64
		{8232A831-BE23-3E34-B532-CAFBD9742ABA}.Debug|x64.ActiveCfg = Debug|x64
		{8232A831-BE23-3E34-B532-CAFBD9742ABA}.Debug|x64.Build.0 = Debug|x64
		{8232A831-BE23-3E34-B532-CAFBD9742ABA}.Release|x64.ActiveCfg = Release|x64
		{8232A831-BE23-3E34-B532-CAFBD9742ABA}.Release|x64.Build.0 = Release|x64
		{7157561B-CCEB-385A-AA80-E27D049AD36C}.Debug|x64.ActiveCfg = Debug|x64
		{7157561B-CCEB-385A-AA80-E27D049AD36C}.Debug|x64.Build.0 = Debug|x64
		{7157561B-CCEB-385A-AA80-E27D049AD36C}.Release|x64.ActiveCfg = Release|x64
		{7157561B-CCEB-385A-AA80-E27D049AD36C}.Release|x64.Build.0 = Release|x64
		{487A18D2-8CDA-3168-97E3-9457F84C3012}.Debug|x64.ActiveCfg = Debug|x64
		{487A18D2-8CDA-3168-97E3-9457F84C3012}.Debug|x64.Build.0 = Debug|x64
		{487A18D2-8CDA-3168-97E3-9457F84C3012}.Release|x64.ActiveCfg = Release|x64
		{487A18D2-8CDA-3168-97E3-9457F84C3012}.Release|x64.Build.0 = Release|x64
		{EBA707D2-603E-39F9-AEC7-A163420C0137}.Debug|x64.ActiveCfg = Debug|x64
		{EBA707D2-603E-39F9-AEC7-A163420C0137}.Debug|x64.Build.0 = Debug|x64
		{EBA707D2-603E-39F9-AEC7-A163420C0137}.Release|x64.ActiveCfg = Release|x64
		{EBA707D2-603E-39F9-AEC7-A163420C0137}.Release|x64.Build.0 = Release|x64
		{A7002FD6-3B16-37F2-BB6D-B172315B226A}.Debug|x64.ActiveCfg = Debug|x64
		{A7002FD6-3B16-37F2-BB6D-B172315B226A}.Debug|x64.Build.0 = Debug|x64
		{A7002FD6-3B16-37F2-BB6D-B172315B226A}.Release|x64.ActiveCfg = Release|x64
		{A7002FD6-3B16-37F2-BB6D-B172315B226A}.Release|x64.Build.0 = Release|x64
		{203536F4-1D8B-36C7-A46A-9E0A224AE452}.Debug|x64.ActiveCfg = Debug|x64
		{203536F4-1D8B-36C7-A46A-9E0A224AE452}.Debug|x64.Build.0 = Debug|x64
		{203536F4-1D8B-36C7-A46A-9E0A224AE452}.Release|x64.ActiveCfg = Release|x64
		{203536F4-1D8B-36C7-A46A-9E0A224AE452}.Release|x64.Build.0 = Release|x64
		{387F39B6-57A3-3FD0-B8EB-B14942E2F5B2}.Debug|x64.ActiveCfg = Debug|x64
		{387F39B6-57A3-3FD0-B8EB-B14942E2F5B2}.Debug|x64.Build.0 = Debug|x64
		{387F39B6-57A3-3FD0-B8EB-B14942E2F5B2}.Release|x64.ActiveCfg = Release|x64
		{387F39B6-57A3-3FD0-B8EB-B14942E2F5B2}.Release|x64.Build.0 = Release|x64
		{1B8EB4DE-6B7C-3A03-AA5F-0F4961A58A07}.Debug|x64.ActiveCfg = Debug|x64
		{1B8EB4DE-6B7C-3A03-AA5F-0F4961A58A07}.Debug|x64.Build.0 = Debug|x64
		{1B8EB4DE-6B7C-3A03-AA5F-0F4961A58A07}.Release|x64.ActiveCfg = Release|x64
		{1B8EB4DE-6B7C-3A03-AA5F-0F4961A58A07}.Release|x64.Build.0 = Release|x64
		{436FBD58-50CD-3EB4-83B0-3CBBDD30EA54}.Debug|x64.ActiveCfg = Debug|x64
		{436FBD58-50CD-3EB4-83B0-3CBBDD30EA54}.Debug|x64.Build.0 = Debug|x64
		{436FBD58-50CD-3EB4-83B0-3CBBDD30EA54}.Release|x64.ActiveCfg = Release|x64
		{436FBD58-50CD-3EB4-83B0-3CBBDD30EA54}.Release|x64.Build.0 = Release|x64
		{C33DA04E-288B-3437-8DA8-D39AD2C8ACC2}.Debug|x64.ActiveCfg = Debug|x64
		{C33DA04E-288B-3437-8DA8-D39AD2C8ACC2}.Debug|x64.Build.0 = Debug|x64
		{C33DA04E-288B-3437-8DA8-D39AD2C8ACC2}.Release|x64.ActiveCfg = Release|x64
		{C33DA04E-288B-3437-8DA8-D39AD2C8ACC2}.Release|x64.Build.0 = Release|x64
		{84A7F888-ED1C-3728-BE3B-546876F1B360}.Debug|x64.ActiveCfg = Debug|x64
		{84A7F888-ED1C-3728-BE3B-546876F1B360}.Debug|x64.Build.0 = Debug|x64
		{84A7F888-ED1C-3728-BE3B-546876F1B360}.Release|x64.ActiveCfg = Release|x64
		{84A7F888-ED1C-3728-BE3B-546876F1B360}.Release|x64.Build.0 = Release|x64
		{BB403EB4-A678-34C4-88AB-41DA1F94EE57}.Debug|x64.ActiveCfg = Debug|x64
		{BB403EB4-A678-34C4-88AB-41DA1F94EE57}.Debug|x64.Build.0 = Debug|x64
		{BB403EB4-A678-34C4-88AB-41DA1F94EE57}.Release|x64.ActiveCfg = Release|x64
		{BB403EB4-A678-34C4-88AB-41DA1F94EE57}.Release|x64.Build.0 = Release|x64
		{A119F756-C244-3456-9F56-342436D16905}.Debug|x64.ActiveCfg = Debug|x64
		{A119F756-C244-3456-9F56-342436D16905}.Debug|x64.Build.0 = Debug|x64
		{A119F756-C244-3456-9F56-342436D16905}.Release|x64.ActiveCfg = Release|x64
		{A119F756-C244-3456-9F56-342436D16905}.Release|x64.Build.0 = Release|x64
		{49373B32-8A75-33FC-AAF9-F3BC745FBC25}.Debug|x64.ActiveCfg = Debug|x64
		{49373B32-8A75-33FC-AAF9-F3BC745FBC25}.Debug|x64.Build.0 = Debug|x64
		{49373B32-8A75-33FC-AAF9-F3BC745FBC25}.Release|x64.ActiveCfg = Release|x64
		{49373B32-8A75-33FC-AAF9-F3BC745FBC25}.Release|x64.Build.0 = Release|x64
		{86F416E0-7E26-3CB5-AA3B-38A3050D6405}.Debug|x64.ActiveCfg = Debug|x64
		{86F416E0-7E26-3CB5-AA3B-38A3050D6405}.Debug|x64.Build.0 = Debug|x64
		{86F416E0-7E26-3CB5-AA3B-38A3050D6405}.Release|x64.ActiveCfg = Release|x64
		{86F416E0-7E26-3CB5-AA3B-38A3050D6405}.Release|x64.Build.0 = Release|x64
		{773F66F9-6509-37C9-8902-D929AA0C7DDA}.Debug|x64.ActiveCfg = Debug|x64
		{773F66F9-6509-37C9-8902-D929AA0C7DDA}.Debug|x64.Build.0 = Debug|x64
		{773F66F9-6509-37C9-8902-D929AA0C7DDA}.Release|x64.ActiveCfg = Release|x64
		{773F66F9-6509-37C9-8902-D929AA0C7DDA}.Release|x64.Build.0 = Release|x64
		{9B7FB719-A697-35C3-9832-8EAB93A4FC57}.Debug|x64.ActiveCfg = Debug|x64
		{9B7FB719-A697-35C3-9832-8EAB93A4FC57}.Debug|x64.Build.0 = Debug|x64
		{9B7FB719-A697-35C3-9832-8EAB93A4FC57}.Release|x64.ActiveCfg = Release|x64
		{9B7FB719-A697-35C3-9832-8EAB93A4FC57}.Release|x64.Build.0 = Release|x64
		{3DB8C042-F136-3A2C-81CB-25A28E90723F}.Debug|x64.ActiveCfg = Debug|x64
		{3DB8C042-F136-3A2C-81CB-25A28E90723F}.Debug|x64.Build.0 = Debug|x64
		{3DB8C042-F136-3A2C-81CB-25A28E90723F}.Release|x64.ActiveCfg = Release|x64
		{3DB8C042-F136-3A2C-81CB-25A28E90723F}.Release|x64.Build.0 = Release|x64
		{B8DCF2C4-F1F9-3D0B-8177-4BC133EEB214}.Debug|x64.ActiveCfg = Debug|x64
		{B8DCF2C4-F1F9-3D0B-8177-4BC133EEB214}.Debug|x64.Build.0 = Debug|x64
		{B8DCF2C4-F1F9-3D0B-8177-4BC133EEB214}.Release|x64.ActiveCfg = Release|x64
		{B8DCF2C4-F1F9-3D0B-8177-4BC133EEB214}.Release|x64.Build.0 = Release|x64
	EndGlobalSection
	GlobalSection(NestedProjects) = preSolution
		{C8F0989D-9723-3677-B1D3-AF302726AB89} = {9E8640C7-A3EA-3AA0-B1C9-06F8170637F9}
		{0FDA3872-EF68-3A25-9A14-153EC37D78F0} = {9E8640C7-A3EA-3AA0-B1C9-06F8170637F9}
		{C362C801-483D-3CE9-ACF6-1EC96612B8A5} = {9E8640C7-A3EA-3AA0-B1C9-06F8170637F9}
		{4E904A51-8CDA-313D-8B5F-47C64D152E11} = {9E8640C7-A3EA-3AA0-B1C9-06F8170637F9}
		{01E0FC4E-E455-3B60-A6C8-097A57646D1E} = {39E732F2-03A9-32C9-93FD-41A9392DAB22}
		{47DD3F0A-BCA8-3D9F-8143-AC1A8C7A9044} = {39E732F2-03A9-32C9-93FD-41A9392DAB22}
		{954825B8-0ED4-309A-A27D-676413D5976E} = {39E732F2-03A9-32C9-93FD-41A9392DAB22}
		{B4F9473E-635E-33ED-B24D-1D1827A5A6F6} = {39E732F2-03A9-32C9-93FD-41A9392DAB22}
		{8232A831-BE23-3E34-B532-CAFBD9742ABA} = {39E732F2-03A9-32C9-93FD-41A9392DAB22}
		{7157561B-CCEB-385A-AA80-E27D049AD36C} = {39E732F2-03A9-32C9-93FD-41A9392DAB22}
		{EBA707D2-603E-39F9-AEC7-A163420C0137} = {39E732F2-03A9-32C9-93FD-41A9392DAB22}
		{A7002FD6-3B16-37F2-BB6D-B172315B226A} = {39E732F2-03A9-32C9-93FD-41A9392DAB22}
		{387F39B6-57A3-3FD0-B8EB-B14942E2F5B2} = {39E732F2-03A9-32C9-93FD-41A9392DAB22}
		{1B8EB4DE-6B7C-3A03-AA5F-0F4961A58A07} = {39E732F2-03A9-32C9-93FD-41A9392DAB22}
		{84A7F888-ED1C-3728-BE3B-546876F1B360} = {39E732F2-03A9-32C9-93FD-41A9392DAB22}
		{BB403EB4-A678-34C4-88AB-41DA1F94EE57} = {39E732F2-03A9-32C9-93FD-41A9392DAB22}
		{49373B32-8A75-33FC-AAF9-F3BC745FBC25} = {39E732F2-03A9-32C9-93FD-41A9392DAB22}
		{773F66F9-6509-37C9-8902-D929AA0C7DDA} = {39E732F2-03A9-32C9-93FD-41A9392DAB22}
		{9B7FB719-A697-35C3-9832-8EAB93A4FC57} = {39E732F2-03A9-32C9-93FD-41A9392DAB22}
		{3DB8C042-F136-3A2C-81CB-25A28E90723F} = {39E732F2-03A9-32C9-93FD-41A9392DAB22}
		{D21B2857-8A6E-3C8A-ACB3-39E5D42B4267} = {83690641-C38D-3FAC-B554-AD19B091FE85}
		{487A18D2-8CDA-3168-97E3-9457F84C3012} = {83690641-C38D-3FAC-B554-AD19B091FE85}
		{203536F4-1D8B-36C7-A46A-9E0A224AE452} = {83690641-C38D-3FAC-B554-AD19B091FE85}
		{C33DA04E-288B-3437-8DA8-D39AD2C8ACC2} = {83690641-C38D-3FAC-B554-AD19B091FE85}
		{A119F756-C244-3456-9F56-342436D16905} = {83690641-C38D-3FAC-B554-AD19B091FE85}
		{86F416E0-7E26-3CB5-AA3B-38A3050D6405} = {83690641-C38D-3FAC-B554-AD19B091FE85}
		{B8DCF2C4-F1F9-3D0B-8177-4BC133EEB214} = {83690641-C38D-3FAC-B554-AD19B091FE85}
		{436FBD58-50CD-3EB4-83B0-3CBBDD30EA54} = {0D05EB41-CE40-33F0-ADD6-973B98654C09}
	EndGlobalSection
	GlobalSection(ExtensibilityGlobals) = postSolution
		SolutionGuid = {56FCF596-4F6D-3166-8E5C-F4E2DB60E53D}
	EndGlobalSection
	GlobalSection(ExtensibilityAddIns) = postSolution
	EndGlobalSection
EndGlobal
